
Microsoft Visual Studio Solution File, Format Version 12.00
# Visual Studio 15
VisualStudioVersion = 15.0.28307.329
MinimumVisualStudioVersion = 10.0.40219.1
Project("{8BC9CEB8-8B4A-11D0-8D11-00A0C91BC942}") = "dinput8", "dinput8\dinput8.vcxproj", "{EC4A93DD-18DD-442C-BE1F-1ADD6291EFD8}"
EndProject
Project("{8BC9CEB8-8B4A-11D0-8D11-00A0C91BC942}") = "Eva", "Eva\Eva.vcxproj", "{6D91C44D-CCD7-41BD-9144-10F618F1E2FF}"
EndProject
Project("{8BC9CEB8-8B4A-11D0-8D11-00A0C91BC942}") = "Mary", "Mary\Mary.vcxproj", "{E71408C5-2C69-4D61-B4BF-BAD3EB768985}"
EndProject
Project("{8BC9CEB8-8B4A-11D0-8D11-00A0C91BC942}") = "Kyrie", "Kyrie\Kyrie.vcxproj", "{1806EC63-358B-4370-B1E7-F8099B7379E6}"
EndProject
Project("{8BC9CEB8-8B4A-11D0-8D11-00A0C91BC942}") = "Lucia", "Lucia\Lucia.vcxproj", "{A1AFDEDC-D1A1-4FC0-B37B-199C5A126D22}"
EndProject
Global
	GlobalSection(SolutionConfigurationPlatforms) = preSolution
		Release|x64 = Release|x64
		Release|x86 = Release|x86
	EndGlobalSection
	GlobalSection(ProjectConfigurationPlatforms) = postSolution
		{EC4A93DD-18DD-442C-BE1F-1ADD6291EFD8}.Release|x64.ActiveCfg = Release|x64
		{EC4A93DD-18DD-442C-BE1F-1ADD6291EFD8}.Release|x64.Build.0 = Release|x64
		{EC4A93DD-18DD-442C-BE1F-1ADD6291EFD8}.Release|x86.ActiveCfg = Release|Win32
		{EC4A93DD-18DD-442C-BE1F-1ADD6291EFD8}.Release|x86.Build.0 = Release|Win32
		{6D91C44D-CCD7-41BD-9144-10F618F1E2FF}.Release|x64.ActiveCfg = Release|x64
		{6D91C44D-CCD7-41BD-9144-10F618F1E2FF}.Release|x86.ActiveCfg = Release|Win32
		{E71408C5-2C69-4D61-B4BF-BAD3EB768985}.Release|x64.ActiveCfg = Release|x64
		{E71408C5-2C69-4D61-B4BF-BAD3EB768985}.Release|x64.Build.0 = Release|x64
		{E71408C5-2C69-4D61-B4BF-BAD3EB768985}.Release|x86.ActiveCfg = Release|x64
		{1806EC63-358B-4370-B1E7-F8099B7379E6}.Release|x64.ActiveCfg = Release|x64
		{1806EC63-358B-4370-B1E7-F8099B7379E6}.Release|x86.ActiveCfg = Release|Win32
		{1806EC63-358B-4370-B1E7-F8099B7379E6}.Release|x86.Build.0 = Release|Win32
		{A1AFDEDC-D1A1-4FC0-B37B-199C5A126D22}.Release|x64.ActiveCfg = Release|x64
		{A1AFDEDC-D1A1-4FC0-B37B-199C5A126D22}.Release|x86.ActiveCfg = Release|Win32
	EndGlobalSection
	GlobalSection(SolutionProperties) = preSolution
		HideSolutionNode = FALSE
	EndGlobalSection
	GlobalSection(ExtensibilityGlobals) = postSolution
		SolutionGuid = {EA9F193B-FE4C-4EC1-BEE6-37D65C30F96C}
	EndGlobalSection
EndGlobal
