<?xml version="1.0" encoding="utf-8"?>
<Project ToolsVersion="4.0" xmlns="http://schemas.microsoft.com/developer/msbuild/2003">
  <ItemGroup>
    <ClCompile Include="..\Core\ImGui_DirectInput8.ixx">
      <Filter>Core</Filter>
    </ClCompile>
    <ClCompile Include="..\Core\ImGui_User.ixx">
      <Filter>Core</Filter>
    </ClCompile>
    <ClCompile Include="ActorData.cpp" />
    <ClCompile Include="Internal.cpp" />
    <ClCompile Include="File.ixx" />
    <ClCompile Include="Memory.ixx" />
    <ClCompile Include="HUD.ixx" />
    <ClCompile Include="Pause.ixx" />
    <ClCompile Include="Actor.ixx" />
    <ClCompile Include="Config.ixx" />
    <ClCompile Include="GUI.ixx" />
    <ClCompile Include="Hooks.ixx" />
    <ClCompile Include="Input.ixx" />
    <ClCompile Include="..\Core\ImGui_D3D11.ixx">
      <Filter>Core</Filter>
    </ClCompile>
    <ClCompile Include="..\Core\Config.ixx">
      <Filter>Core</Filter>
    </ClCompile>
    <ClCompile Include="..\Core\File.ixx">
      <Filter>Core</Filter>
    </ClCompile>
    <ClCompile Include="..\Core\Log.ixx">
      <Filter>Core</Filter>
    </ClCompile>
    <ClCompile Include="..\Core\Memory.ixx">
      <Filter>Core</Filter>
    </ClCompile>
    <ClCompile Include="..\Core\Utility.ixx">
      <Filter>Core</Filter>
    </ClCompile>
    <ClCompile Include="..\Core\Vector.ixx">
      <Filter>Core</Filter>
    </ClCompile>
    <ClCompile Include="..\Core\Windows.ixx">
      <Filter>Core</Filter>
    </ClCompile>
    <ClCompile Include="Training.ixx" />
    <ClCompile Include="Mary.cpp" />
    <ClCompile Include="FMOD.cpp" />
    <ClCompile Include="Speed.ixx" />
    <ClCompile Include="Locale.cpp" />
    <ClCompile Include="Event.ixx" />
    <ClCompile Include="Dante.ixx" />
    <ClCompile Include="Update.ixx" />
    <ClCompile Include="Arcade.ixx" />
    <ClCompile Include="Window.ixx" />
    <ClCompile Include="Camera.ixx" />
    <ClCompile Include="State.ixx" />
    <ClCompile Include="..\ImGui\imgui.cpp">
      <Filter>ImGui</Filter>
    </ClCompile>
    <ClCompile Include="..\ImGui\imgui_demo.cpp">
      <Filter>ImGui</Filter>
    </ClCompile>
    <ClCompile Include="..\ImGui\imgui_draw.cpp">
      <Filter>ImGui</Filter>
    </ClCompile>
    <ClCompile Include="..\ImGui\imgui_widgets.cpp">
      <Filter>ImGui</Filter>
    </ClCompile>
    <ClCompile Include="Dependency.cpp" />
  </ItemGroup>
  <ItemGroup>
    <Filter Include="Core">
      <UniqueIdentifier>{23b3c9fa-dad0-4360-8909-511578ed5094}</UniqueIdentifier>
    </Filter>
    <Filter Include="ImGui">
      <UniqueIdentifier>{c8e16dea-2fdc-4418-8d84-59b84ee252ce}</UniqueIdentifier>
    </Filter>
  </ItemGroup>
  <ItemGroup>
    <ClInclude Include="..\Core\Core.h">
      <Filter>Core</Filter>
    </ClInclude>
    <ClInclude Include="..\Core\DataTypes.h">
      <Filter>Core</Filter>
    </ClInclude>
    <ClInclude Include="..\Core\Includes.h">
      <Filter>Core</Filter>
    </ClInclude>
    <ClInclude Include="..\Core\Macros.h">
      <Filter>Core</Filter>
    </ClInclude>
    <ClInclude Include="Vars.h" />
    <ClInclude Include="ActorData.h" />
    <ClInclude Include="Internal.h" />
    <ClInclude Include="Modules.h" />
    <ClInclude Include="FMOD.h" />
    <ClInclude Include="Locale.h" />
    <ClInclude Include="..\ImGui\imconfig.h">
      <Filter>ImGui</Filter>
    </ClInclude>
    <ClInclude Include="..\ImGui\imgui.h">
      <Filter>ImGui</Filter>
    </ClInclude>
    <ClInclude Include="..\ImGui\imgui_internal.h">
      <Filter>ImGui</Filter>
    </ClInclude>
    <ClInclude Include="..\ImGui\imstb_rectpack.h">
      <Filter>ImGui</Filter>
    </ClInclude>
    <ClInclude Include="..\ImGui\imstb_textedit.h">
      <Filter>ImGui</Filter>
    </ClInclude>
    <ClInclude Include="..\ImGui\imstb_truetype.h">
      <Filter>ImGui</Filter>
    </ClInclude>
  </ItemGroup>
  <ItemGroup>
    <None Include="Mobility.ixx" />
    <None Include="..\Core\GUI.ixx">
      <Filter>Core</Filter>
    </None>
    <None Include="Color.ixx" />
  </ItemGroup>
</Project>