<?xml version="1.0" encoding="utf-8"?>
<Project ToolsVersion="4.0" xmlns="http://schemas.microsoft.com/developer/msbuild/2003">
  <ItemGroup>
    <ClCompile Include="dinput8.cpp" />
    <ClCompile Include="..\Core\Windows.ixx">
      <Filter>Core</Filter>
    </ClCompile>
    <ClCompile Include="..\Core\Config.ixx">
      <Filter>Core</Filter>
    </ClCompile>
    <ClCompile Include="..\Core\File.ixx">
      <Filter>Core</Filter>
    </ClCompile>
    <ClCompile Include="..\Core\Log.ixx">
      <Filter>Core</Filter>
    </ClCompile>
    <ClCompile Include="..\Core\Memory.ixx">
      <Filter>Core</Filter>
    </ClCompile>
    <ClCompile Include="..\Core\Utility.ixx">
      <Filter>Core</Filter>
    </ClCompile>
    <ClCompile Include="..\Core\Vector.ixx">
      <Filter>Core</Filter>
    </ClCompile>
  </ItemGroup>
  <ItemGroup>
    <Filter Include="Core">
      <UniqueIdentifier>{d3d13fb4-adb8-4e5d-9cb1-ebd523c178b2}</UniqueIdentifier>
    </Filter>
  </ItemGroup>
  <ItemGroup>
    <ClInclude Include="..\Core\Core.h">
      <Filter>Core</Filter>
    </ClInclude>
    <ClInclude Include="..\Core\DataTypes.h">
      <Filter>Core</Filter>
    </ClInclude>
    <ClInclude Include="..\Core\Includes.h">
      <Filter>Core</Filter>
    </ClInclude>
    <ClInclude Include="..\Core\Macros.h">
      <Filter>Core</Filter>
    </ClInclude>
  </ItemGroup>
</Project>